{
  "name": "javascript-graph",
  "version": "0.0.1",
  "lockfileVersion": 1,
  "requires": true,
  "dependencies": {
    "javascript-std-lib": {
      "version": "1.13.4",
      "resolved": "https://registry.npmjs.org/javascript-std-lib/-/javascript-std-lib-1.13.4.tgz",
      "integrity": "sha512-Ba0DYjUatds4iEk75ZFb7F4OxvWU8In8qFhyzyEtFyEYwbitDeK3NdOOodK3qL/daQIgl8EulXI9Q3pEQAO/NA=="
    }
  }
}
